
Microsoft Visual Studio Solution File, Format Version 12.00
# Visual Studio Version 17
VisualStudioVersion = 17.8.34316.72
MinimumVisualStudioVersion = 10.0.40219.1
Project("{FAE04EC0-301F-11D3-BF4B-00C04F79EFBC}") = "DB_First_Demo", "DB_First_Demo.csproj", "{C8D9C8DD-3D57-4DB7-A08D-33716F2AAC40}"
EndProject
Global
	GlobalSection(SolutionConfigurationPlatforms) = preSolution
		Debug|Any CPU = Debug|Any CPU
		Release|Any CPU = Release|Any CPU
	EndGlobalSection
	GlobalSection(ProjectConfigurationPlatforms) = postSolution
		{C8D9C8DD-3D57-4DB7-A08D-33716F2AAC40}.Debug|Any CPU.ActiveCfg = Debug|Any CPU
		{C8D9C8DD-3D57-4DB7-A08D-33716F2AAC40}.Debug|Any CPU.Build.0 = Debug|Any CPU
		{C8D9C8DD-3D57-4DB7-A08D-33716F2AAC40}.Release|Any CPU.ActiveCfg = Release|Any CPU
		{C8D9C8DD-3D57-4DB7-A08D-33716F2AAC40}.Release|Any CPU.Build.0 = Release|Any CPU
	EndGlobalSection
	GlobalSection(SolutionProperties) = preSolution
		HideSolutionNode = FALSE
	EndGlobalSection
	GlobalSection(ExtensibilityGlobals) = postSolution
		SolutionGuid = {F0E69D61-7455-443D-ADA2-8F5BC956FBC8}
	EndGlobalSection
EndGlobal
